{
  "name": "shared-trpc",
  "lockfileVersion": 3,
  "requires": true,
  "packages": {
    "": {
      "dependencies": {
        "@trpc/server": "^10.26.0",
        "@vercel/kv": "^0.2.1",
        "superjson": "1.12.2",
        "zod": "^3.21.4"
      },
      "devDependencies": {
        "@types/node": "^18.16.0",
        "typescript": "^5.0.4"
      }
    },
    "node_modules/@trpc/server": {
      "version": "10.28.1",
      "resolved": "https://registry.npmjs.org/@trpc/server/-/server-10.28.1.tgz",
      "integrity": "sha512-imKwru3wGNuZ58Z2BnXwJv7zWAjqMJ7m8uMfah0zL4wUoB3oq2ozp6dfseDEb7SCDqvJqI4BS07HJstJ+idD4Q==",
      "funding": [
        "https://trpc.io/sponsor"
      ]
    },
    "node_modules/@types/node": {
      "version": "18.16.16",
      "resolved": "https://registry.npmjs.org/@types/node/-/node-18.16.16.tgz",
      "integrity": "sha512-NpaM49IGQQAUlBhHMF82QH80J08os4ZmyF9MkpCzWAGuOHqE4gTEbhzd7L3l5LmWuZ6E0OiC1FweQ4tsiW35+g==",
      "dev": true
    },
    "node_modules/@upstash/redis": {
      "version": "1.20.6",
      "resolved": "https://registry.npmjs.org/@upstash/redis/-/redis-1.20.6.tgz",
      "integrity": "sha512-q1izaYEUsq/WiXNOjf4oOjFZe8fIeBSZN8d5cEyOD4nem+zxc4jccieorQQrNlEahKPE1ZYLzVEkMODRUfch2g==",
      "dependencies": {
        "isomorphic-fetch": "^3.0.0"
      }
    },
    "node_modules/@vercel/kv": {
      "version": "0.2.1",
      "resolved": "https://registry.npmjs.org/@vercel/kv/-/kv-0.2.1.tgz",
      "integrity": "sha512-0O1CVh0maG/bduAE6DPKUTfGSnORgrcS5xBYZCb62sOU7PrVZrXhaPbUSBE4q5PXS5DC+cpN6FY2RWNlslUaWQ==",
      "dependencies": {
        "@upstash/redis": "1.20.6"
      },
      "engines": {
        "node": ">=14.6"
      }
    },
    "node_modules/copy-anything": {
      "version": "3.0.5",
      "resolved": "https://registry.npmjs.org/copy-anything/-/copy-anything-3.0.5.tgz",
      "integrity": "sha512-yCEafptTtb4bk7GLEQoM8KVJpxAfdBJYaXyzQEgQQQgYrZiDp8SJmGKlYza6CYjEDNstAdNdKA3UuoULlEbS6w==",
      "dependencies": {
        "is-what": "^4.1.8"
      },
      "engines": {
        "node": ">=12.13"
      },
      "funding": {
        "url": "https://github.com/sponsors/mesqueeb"
      }
    },
    "node_modules/is-what": {
      "version": "4.1.11",
      "resolved": "https://registry.npmjs.org/is-what/-/is-what-4.1.11.tgz",
      "integrity": "sha512-gr9+qDrJvdwT4+N2TAACsZQIB4Ow9j2eefqlh3m9JUV41M1LoKhcE+/j+IVni/r6U8Jnc1PwhjdjVJr+Xmtb0A==",
      "engines": {
        "node": ">=12.13"
      },
      "funding": {
        "url": "https://github.com/sponsors/mesqueeb"
      }
    },
    "node_modules/isomorphic-fetch": {
      "version": "3.0.0",
      "resolved": "https://registry.npmjs.org/isomorphic-fetch/-/isomorphic-fetch-3.0.0.tgz",
      "integrity": "sha512-qvUtwJ3j6qwsF3jLxkZ72qCgjMysPzDfeV240JHiGZsANBYd+EEuu35v7dfrJ9Up0Ak07D7GGSkGhCHTqg/5wA==",
      "dependencies": {
        "node-fetch": "^2.6.1",
        "whatwg-fetch": "^3.4.1"
      }
    },
    "node_modules/node-fetch": {
      "version": "2.6.11",
      "resolved": "https://registry.npmjs.org/node-fetch/-/node-fetch-2.6.11.tgz",
      "integrity": "sha512-4I6pdBY1EthSqDmJkiNk3JIT8cswwR9nfeW/cPdUagJYEQG7R95WRH74wpz7ma8Gh/9dI9FP+OU+0E4FvtA55w==",
      "dependencies": {
        "whatwg-url": "^5.0.0"
      },
      "engines": {
        "node": "4.x || >=6.0.0"
      },
      "peerDependencies": {
        "encoding": "^0.1.0"
      },
      "peerDependenciesMeta": {
        "encoding": {
          "optional": true
        }
      }
    },
    "node_modules/superjson": {
      "version": "1.12.2",
      "resolved": "https://registry.npmjs.org/superjson/-/superjson-1.12.2.tgz",
      "integrity": "sha512-ugvUo9/WmvWOjstornQhsN/sR9mnGtWGYeTxFuqLb4AiT4QdUavjGFRALCPKWWnAiUJ4HTpytj5e0t5HoMRkXg==",
      "dependencies": {
        "copy-anything": "^3.0.2"
      },
      "engines": {
        "node": ">=10"
      }
    },
    "node_modules/tr46": {
      "version": "0.0.3",
      "resolved": "https://registry.npmjs.org/tr46/-/tr46-0.0.3.tgz",
      "integrity": "sha512-N3WMsuqV66lT30CrXNbEjx4GEwlow3v6rr4mCcv6prnfwhS01rkgyFdjPNBYd9br7LpXV1+Emh01fHnq2Gdgrw=="
    },
    "node_modules/typescript": {
      "version": "5.0.4",
      "resolved": "https://registry.npmjs.org/typescript/-/typescript-5.0.4.tgz",
      "integrity": "sha512-cW9T5W9xY37cc+jfEnaUvX91foxtHkza3Nw3wkoF4sSlKn0MONdkdEndig/qPBWXNkmplh3NzayQzCiHM4/hqw==",
      "dev": true,
      "bin": {
        "tsc": "bin/tsc",
        "tsserver": "bin/tsserver"
      },
      "engines": {
        "node": ">=12.20"
      }
    },
    "node_modules/webidl-conversions": {
      "version": "3.0.1",
      "resolved": "https://registry.npmjs.org/webidl-conversions/-/webidl-conversions-3.0.1.tgz",
      "integrity": "sha512-2JAn3z8AR6rjK8Sm8orRC0h/bcl/DqL7tRPdGZ4I1CjdF+EaMLmYxBHyXuKL849eucPFhvBoxMsflfOb8kxaeQ=="
    },
    "node_modules/whatwg-fetch": {
      "version": "3.6.2",
      "resolved": "https://registry.npmjs.org/whatwg-fetch/-/whatwg-fetch-3.6.2.tgz",
      "integrity": "sha512-bJlen0FcuU/0EMLrdbJ7zOnW6ITZLrZMIarMUVmdKtsGvZna8vxKYaexICWPfZ8qwf9fzNq+UEIZrnSaApt6RA=="
    },
    "node_modules/whatwg-url": {
      "version": "5.0.0",
      "resolved": "https://registry.npmjs.org/whatwg-url/-/whatwg-url-5.0.0.tgz",
      "integrity": "sha512-saE57nupxk6v3HY35+jzBwYa0rKSy0XR8JSxZPwgLr7ys0IBzhGviA1/TUGJLmSVqs8pb9AnvICXEuOHLprYTw==",
      "dependencies": {
        "tr46": "~0.0.3",
        "webidl-conversions": "^3.0.0"
      }
    },
    "node_modules/zod": {
      "version": "3.21.4",
      "resolved": "https://registry.npmjs.org/zod/-/zod-3.21.4.tgz",
      "integrity": "sha512-m46AKbrzKVzOzs/DZgVnG5H55N1sv1M8qZU3A8RIKbs3mrACDNeIOeilDymVb2HdmP8uwshOCF4uJ8uM9rCqJw==",
      "funding": {
        "url": "https://github.com/sponsors/colinhacks"
      }
    }
  }
}
